
Microsoft Visual Studio Solution File, Format Version 12.00
# Visual Studio Version 17
VisualStudioVersion = 17.11.35222.181
MinimumVisualStudioVersion = 10.0.40219.1
Project("{FAE04EC0-301F-11D3-BF4B-00C04F79EFBC}") = "MAUIAssessmentFrontend", "MAUIAssessmentFrontend\MAUIAssessmentFrontend.csproj", "{DDF4AEAE-4084-4661-A759-E039A1C12FA2}"
EndProject
Global
	GlobalSection(SolutionConfigurationPlatforms) = preSolution
		Debug|Any CPU = Debug|Any CPU
		Release|Any CPU = Release|Any CPU
	EndGlobalSection
	GlobalSection(ProjectConfigurationPlatforms) = postSolution
		{DDF4AEAE-4084-4661-A759-E039A1C12FA2}.Debug|Any CPU.ActiveCfg = Debug|Any CPU
		{DDF4AEAE-4084-4661-A759-E039A1C12FA2}.Debug|Any CPU.Build.0 = Debug|Any CPU
		{DDF4AEAE-4084-4661-A759-E039A1C12FA2}.Debug|Any CPU.Deploy.0 = Debug|Any CPU
		{DDF4AEAE-4084-4661-A759-E039A1C12FA2}.Release|Any CPU.ActiveCfg = Release|Any CPU
		{DDF4AEAE-4084-4661-A759-E039A1C12FA2}.Release|Any CPU.Build.0 = Release|Any CPU
		{DDF4AEAE-4084-4661-A759-E039A1C12FA2}.Release|Any CPU.Deploy.0 = Release|Any CPU
	EndGlobalSection
	GlobalSection(SolutionProperties) = preSolution
		HideSolutionNode = FALSE
	EndGlobalSection
	GlobalSection(ExtensibilityGlobals) = postSolution
		SolutionGuid = {A047E19B-5160-4F70-BF0F-D5702DFF7261}
	EndGlobalSection
EndGlobal
